// !$*UTF8*$!
{
	archiveVersion = 1;
	classes = {
	};
	objectVersion = 46;
	objects = {

/* Begin PBXBuildFile section */
		D769741A1DC323CE00467119 /* UserNotifications.framework in Frameworks */ = {isa = PBXBuildFile; fileRef = D76974181DC323CE00467119 /* UserNotifications.framework */; };
		D769741B1DC323CE00467119 /* UserNotificationsUI.framework in Frameworks */ = {isa = PBXBuildFile; fileRef = D76974191DC323CE00467119 /* UserNotificationsUI.framework */; };
		D7A2D14F1DC196350057ADAF /* main.m in Sources */ = {isa = PBXBuildFile; fileRef = D7A2D14E1DC196350057ADAF /* main.m */; };
		D7A2D1521DC196350057ADAF /* AppDelegate.m in Sources */ = {isa = PBXBuildFile; fileRef = D7A2D1511DC196350057ADAF /* AppDelegate.m */; };
		D7A2D1551DC196350057ADAF /* ViewController.m in Sources */ = {isa = PBXBuildFile; fileRef = D7A2D1541DC196350057ADAF /* ViewController.m */; };
		D7A2D1581DC196350057ADAF /* Main.storyboard in Resources */ = {isa = PBXBuildFile; fileRef = D7A2D1561DC196350057ADAF /* Main.storyboard */; };
		D7A2D15A1DC196350057ADAF /* Assets.xcassets in Resources */ = {isa = PBXBuildFile; fileRef = D7A2D1591DC196350057ADAF /* Assets.xcassets */; };
		D7A2D15D1DC196350057ADAF /* LaunchScreen.storyboard in Resources */ = {isa = PBXBuildFile; fileRef = D7A2D15B1DC196350057ADAF /* LaunchScreen.storyboard */; };
		D7B8786E1DD2C2BA00BFDAFD /* tougong.mp3 in Resources */ = {isa = PBXBuildFile; fileRef = D7B8786D1DD2C2BA00BFDAFD /* tougong.mp3 */; };
		D7B878711DD2EA9600BFDAFD /* NotificationAction.m in Sources */ = {isa = PBXBuildFile; fileRef = D7B878701DD2EA9600BFDAFD /* NotificationAction.m */; };
		D7B878841DD2FFDE00BFDAFD /* hehe.mp4 in Resources */ = {isa = PBXBuildFile; fileRef = D7B878831DD2FFDE00BFDAFD /* hehe.mp4 */; };
		D7B878A81DD34C5300BFDAFD /* UserNotifications.framework in Frameworks */ = {isa = PBXBuildFile; fileRef = D76974181DC323CE00467119 /* UserNotifications.framework */; };
		D7B878A91DD34C5300BFDAFD /* UserNotificationsUI.framework in Frameworks */ = {isa = PBXBuildFile; fileRef = D76974191DC323CE00467119 /* UserNotificationsUI.framework */; };
		D7B878AD1DD34C5300BFDAFD /* NotificationViewController.m in Sources */ = {isa = PBXBuildFile; fileRef = D7B878AC1DD34C5300BFDAFD /* NotificationViewController.m */; };
		D7B878B01DD34C5300BFDAFD /* MainInterface.storyboard in Resources */ = {isa = PBXBuildFile; fileRef = D7B878AE1DD34C5300BFDAFD /* MainInterface.storyboard */; };
		D7B878B41DD34C5300BFDAFD /* cusUI.appex in Embed App Extensions */ = {isa = PBXBuildFile; fileRef = D7B878A71DD34C5300BFDAFD /* cusUI.appex */; settings = {ATTRIBUTES = (RemoveHeadersOnCopy, ); }; };
		D7B878B91DD350C200BFDAFD /* like.jpg in Resources */ = {isa = PBXBuildFile; fileRef = D7B878B81DD350C200BFDAFD /* like.jpg */; };
		D7B878BA1DD350C200BFDAFD /* like.jpg in Resources */ = {isa = PBXBuildFile; fileRef = D7B878B81DD350C200BFDAFD /* like.jpg */; };
/* End PBXBuildFile section */

/* Begin PBXContainerItemProxy section */
		D7B878B21DD34C5300BFDAFD /* PBXContainerItemProxy */ = {
			isa = PBXContainerItemProxy;
			containerPortal = D7A2D1421DC196340057ADAF /* Project object */;
			proxyType = 1;
			remoteGlobalIDString = D7B878A61DD34C5300BFDAFD;
			remoteInfo = cusUI;
		};
/* End PBXContainerItemProxy section */

/* Begin PBXCopyFilesBuildPhase section */
		D7B878821DD2FA9A00BFDAFD /* Embed App Extensions */ = {
			isa = PBXCopyFilesBuildPhase;
			buildActionMask = 2147483647;
			dstPath = "";
			dstSubfolderSpec = 13;
			files = (
				D7B878B41DD34C5300BFDAFD /* cusUI.appex in Embed App Extensions */,
			);
			name = "Embed App Extensions";
			runOnlyForDeploymentPostprocessing = 0;
		};
/* End PBXCopyFilesBuildPhase section */

/* Begin PBXFileReference section */
		D76974181DC323CE00467119 /* UserNotifications.framework */ = {isa = PBXFileReference; lastKnownFileType = wrapper.framework; name = UserNotifications.framework; path = System/Library/Frameworks/UserNotifications.framework; sourceTree = SDKROOT; };
		D76974191DC323CE00467119 /* UserNotificationsUI.framework */ = {isa = PBXFileReference; lastKnownFileType = wrapper.framework; name = UserNotificationsUI.framework; path = System/Library/Frameworks/UserNotificationsUI.framework; sourceTree = SDKROOT; };
		D7A2D14A1DC196350057ADAF /* ios10通知学习.app */ = {isa = PBXFileReference; explicitFileType = wrapper.application; includeInIndex = 0; path = "ios10通知学习.app"; sourceTree = BUILT_PRODUCTS_DIR; };
		D7A2D14E1DC196350057ADAF /* main.m */ = {isa = PBXFileReference; lastKnownFileType = sourcecode.c.objc; path = main.m; sourceTree = "<group>"; };
		D7A2D1501DC196350057ADAF /* AppDelegate.h */ = {isa = PBXFileReference; lastKnownFileType = sourcecode.c.h; path = AppDelegate.h; sourceTree = "<group>"; };
		D7A2D1511DC196350057ADAF /* AppDelegate.m */ = {isa = PBXFileReference; lastKnownFileType = sourcecode.c.objc; path = AppDelegate.m; sourceTree = "<group>"; };
		D7A2D1531DC196350057ADAF /* ViewController.h */ = {isa = PBXFileReference; lastKnownFileType = sourcecode.c.h; path = ViewController.h; sourceTree = "<group>"; };
		D7A2D1541DC196350057ADAF /* ViewController.m */ = {isa = PBXFileReference; lastKnownFileType = sourcecode.c.objc; path = ViewController.m; sourceTree = "<group>"; };
		D7A2D1571DC196350057ADAF /* Base */ = {isa = PBXFileReference; lastKnownFileType = file.storyboard; name = Base; path = Base.lproj/Main.storyboard; sourceTree = "<group>"; };
		D7A2D1591DC196350057ADAF /* Assets.xcassets */ = {isa = PBXFileReference; lastKnownFileType = folder.assetcatalog; path = Assets.xcassets; sourceTree = "<group>"; };
		D7A2D15C1DC196350057ADAF /* Base */ = {isa = PBXFileReference; lastKnownFileType = file.storyboard; name = Base; path = Base.lproj/LaunchScreen.storyboard; sourceTree = "<group>"; };
		D7A2D15E1DC196350057ADAF /* Info.plist */ = {isa = PBXFileReference; lastKnownFileType = text.plist.xml; path = Info.plist; sourceTree = "<group>"; };
		D7B8786D1DD2C2BA00BFDAFD /* tougong.mp3 */ = {isa = PBXFileReference; lastKnownFileType = audio.mp3; path = tougong.mp3; sourceTree = "<group>"; };
		D7B8786F1DD2EA9600BFDAFD /* NotificationAction.h */ = {isa = PBXFileReference; fileEncoding = 4; lastKnownFileType = sourcecode.c.h; path = NotificationAction.h; sourceTree = "<group>"; };
		D7B878701DD2EA9600BFDAFD /* NotificationAction.m */ = {isa = PBXFileReference; fileEncoding = 4; lastKnownFileType = sourcecode.c.objc; path = NotificationAction.m; sourceTree = "<group>"; };
		D7B878831DD2FFDE00BFDAFD /* hehe.mp4 */ = {isa = PBXFileReference; lastKnownFileType = file; path = hehe.mp4; sourceTree = "<group>"; };
		D7B878A71DD34C5300BFDAFD /* cusUI.appex */ = {isa = PBXFileReference; explicitFileType = "wrapper.app-extension"; includeInIndex = 0; path = cusUI.appex; sourceTree = BUILT_PRODUCTS_DIR; };
		D7B878AB1DD34C5300BFDAFD /* NotificationViewController.h */ = {isa = PBXFileReference; lastKnownFileType = sourcecode.c.h; path = NotificationViewController.h; sourceTree = "<group>"; };
		D7B878AC1DD34C5300BFDAFD /* NotificationViewController.m */ = {isa = PBXFileReference; lastKnownFileType = sourcecode.c.objc; path = NotificationViewController.m; sourceTree = "<group>"; };
		D7B878AF1DD34C5300BFDAFD /* Base */ = {isa = PBXFileReference; lastKnownFileType = file.storyboard; name = Base; path = Base.lproj/MainInterface.storyboard; sourceTree = "<group>"; };
		D7B878B11DD34C5300BFDAFD /* Info.plist */ = {isa = PBXFileReference; lastKnownFileType = text.plist.xml; path = Info.plist; sourceTree = "<group>"; };
		D7B878B81DD350C200BFDAFD /* like.jpg */ = {isa = PBXFileReference; lastKnownFileType = image.jpeg; path = like.jpg; sourceTree = "<group>"; };
/* End PBXFileReference section */

/* Begin PBXFrameworksBuildPhase section */
		D7A2D1471DC196340057ADAF /* Frameworks */ = {
			isa = PBXFrameworksBuildPhase;
			buildActionMask = 2147483647;
			files = (
				D769741A1DC323CE00467119 /* UserNotifications.framework in Frameworks */,
				D769741B1DC323CE00467119 /* UserNotificationsUI.framework in Frameworks */,
			);
			runOnlyForDeploymentPostprocessing = 0;
		};
		D7B878A41DD34C5300BFDAFD /* Frameworks */ = {
			isa = PBXFrameworksBuildPhase;
			buildActionMask = 2147483647;
			files = (
				D7B878A91DD34C5300BFDAFD /* UserNotificationsUI.framework in Frameworks */,
				D7B878A81DD34C5300BFDAFD /* UserNotifications.framework in Frameworks */,
			);
			runOnlyForDeploymentPostprocessing = 0;
		};
/* End PBXFrameworksBuildPhase section */

/* Begin PBXGroup section */
		D76974171DC323CE00467119 /* Frameworks */ = {
			isa = PBXGroup;
			children = (
				D76974181DC323CE00467119 /* UserNotifications.framework */,
				D76974191DC323CE00467119 /* UserNotificationsUI.framework */,
			);
			name = Frameworks;
			sourceTree = "<group>";
		};
		D7A2D1411DC196340057ADAF = {
			isa = PBXGroup;
			children = (
				D7A2D14C1DC196350057ADAF /* ios10通知学习 */,
				D7B878AA1DD34C5300BFDAFD /* cusUI */,
				D7A2D14B1DC196350057ADAF /* Products */,
				D76974171DC323CE00467119 /* Frameworks */,
			);
			sourceTree = "<group>";
		};
		D7A2D14B1DC196350057ADAF /* Products */ = {
			isa = PBXGroup;
			children = (
				D7A2D14A1DC196350057ADAF /* ios10通知学习.app */,
				D7B878A71DD34C5300BFDAFD /* cusUI.appex */,
			);
			name = Products;
			sourceTree = "<group>";
		};
		D7A2D14C1DC196350057ADAF /* ios10通知学习 */ = {
			isa = PBXGroup;
			children = (
				D7A2D1501DC196350057ADAF /* AppDelegate.h */,
				D7A2D1511DC196350057ADAF /* AppDelegate.m */,
				D7A2D1531DC196350057ADAF /* ViewController.h */,
				D7A2D1541DC196350057ADAF /* ViewController.m */,
				D7A2D1561DC196350057ADAF /* Main.storyboard */,
				D7A2D1591DC196350057ADAF /* Assets.xcassets */,
				D7A2D15B1DC196350057ADAF /* LaunchScreen.storyboard */,
				D7A2D15E1DC196350057ADAF /* Info.plist */,
				D7B878B81DD350C200BFDAFD /* like.jpg */,
				D7B8786D1DD2C2BA00BFDAFD /* tougong.mp3 */,
				D7B878831DD2FFDE00BFDAFD /* hehe.mp4 */,
				D7A2D14D1DC196350057ADAF /* Supporting Files */,
				D7B8786F1DD2EA9600BFDAFD /* NotificationAction.h */,
				D7B878701DD2EA9600BFDAFD /* NotificationAction.m */,
			);
			path = "ios10通知学习";
			sourceTree = "<group>";
		};
		D7A2D14D1DC196350057ADAF /* Supporting Files */ = {
			isa = PBXGroup;
			children = (
				D7A2D14E1DC196350057ADAF /* main.m */,
			);
			name = "Supporting Files";
			sourceTree = "<group>";
		};
		D7B878AA1DD34C5300BFDAFD /* cusUI */ = {
			isa = PBXGroup;
			children = (
				D7B878AB1DD34C5300BFDAFD /* NotificationViewController.h */,
				D7B878AC1DD34C5300BFDAFD /* NotificationViewController.m */,
				D7B878AE1DD34C5300BFDAFD /* MainInterface.storyboard */,
				D7B878B11DD34C5300BFDAFD /* Info.plist */,
			);
			path = cusUI;
			sourceTree = "<group>";
		};
/* End PBXGroup section */

/* Begin PBXNativeTarget section */
		D7A2D1491DC196340057ADAF /* ios10通知学习 */ = {
			isa = PBXNativeTarget;
			buildConfigurationList = D7A2D1611DC196350057ADAF /* Build configuration list for PBXNativeTarget "ios10通知学习" */;
			buildPhases = (
				D7A2D1461DC196340057ADAF /* Sources */,
				D7A2D1471DC196340057ADAF /* Frameworks */,
				D7A2D1481DC196340057ADAF /* Resources */,
				D7B878821DD2FA9A00BFDAFD /* Embed App Extensions */,
			);
			buildRules = (
			);
			dependencies = (
				D7B878B31DD34C5300BFDAFD /* PBXTargetDependency */,
			);
			name = "ios10通知学习";
			productName = "ios10通知学习";
			productReference = D7A2D14A1DC196350057ADAF /* ios10通知学习.app */;
			productType = "com.apple.product-type.application";
		};
		D7B878A61DD34C5300BFDAFD /* cusUI */ = {
			isa = PBXNativeTarget;
			buildConfigurationList = D7B878B51DD34C5300BFDAFD /* Build configuration list for PBXNativeTarget "cusUI" */;
			buildPhases = (
				D7B878A31DD34C5300BFDAFD /* Sources */,
				D7B878A41DD34C5300BFDAFD /* Frameworks */,
				D7B878A51DD34C5300BFDAFD /* Resources */,
			);
			buildRules = (
			);
			dependencies = (
			);
			name = cusUI;
			productName = cusUI;
			productReference = D7B878A71DD34C5300BFDAFD /* cusUI.appex */;
			productType = "com.apple.product-type.app-extension";
		};
/* End PBXNativeTarget section */

/* Begin PBXProject section */
		D7A2D1421DC196340057ADAF /* Project object */ = {
			isa = PBXProject;
			attributes = {
				LastUpgradeCheck = 0800;
				ORGANIZATIONNAME = "涂逸欣";
				TargetAttributes = {
					D7A2D1491DC196340057ADAF = {
						CreatedOnToolsVersion = 8.0;
						DevelopmentTeam = J9ATUEUKE2;
						ProvisioningStyle = Manual;
					};
					D7B878A61DD34C5300BFDAFD = {
						CreatedOnToolsVersion = 8.1;
						DevelopmentTeam = J9ATUEUKE2;
						ProvisioningStyle = Manual;
					};
				};
			};
			buildConfigurationList = D7A2D1451DC196340057ADAF /* Build configuration list for PBXProject "ios10通知学习" */;
			compatibilityVersion = "Xcode 3.2";
			developmentRegion = English;
			hasScannedForEncodings = 0;
			knownRegions = (
				en,
				Base,
			);
			mainGroup = D7A2D1411DC196340057ADAF;
			productRefGroup = D7A2D14B1DC196350057ADAF /* Products */;
			projectDirPath = "";
			projectRoot = "";
			targets = (
				D7A2D1491DC196340057ADAF /* ios10通知学习 */,
				D7B878A61DD34C5300BFDAFD /* cusUI */,
			);
		};
/* End PBXProject section */

/* Begin PBXResourcesBuildPhase section */
		D7A2D1481DC196340057ADAF /* Resources */ = {
			isa = PBXResourcesBuildPhase;
			buildActionMask = 2147483647;
			files = (
				D7B8786E1DD2C2BA00BFDAFD /* tougong.mp3 in Resources */,
				D7B878B91DD350C200BFDAFD /* like.jpg in Resources */,
				D7A2D15D1DC196350057ADAF /* LaunchScreen.storyboard in Resources */,
				D7B878841DD2FFDE00BFDAFD /* hehe.mp4 in Resources */,
				D7A2D15A1DC196350057ADAF /* Assets.xcassets in Resources */,
				D7A2D1581DC196350057ADAF /* Main.storyboard in Resources */,
			);
			runOnlyForDeploymentPostprocessing = 0;
		};
		D7B878A51DD34C5300BFDAFD /* Resources */ = {
			isa = PBXResourcesBuildPhase;
			buildActionMask = 2147483647;
			files = (
				D7B878B01DD34C5300BFDAFD /* MainInterface.storyboard in Resources */,
				D7B878BA1DD350C200BFDAFD /* like.jpg in Resources */,
			);
			runOnlyForDeploymentPostprocessing = 0;
		};
/* End PBXResourcesBuildPhase section */

/* Begin PBXSourcesBuildPhase section */
		D7A2D1461DC196340057ADAF /* Sources */ = {
			isa = PBXSourcesBuildPhase;
			buildActionMask = 2147483647;
			files = (
				D7B878711DD2EA9600BFDAFD /* NotificationAction.m in Sources */,
				D7A2D1551DC196350057ADAF /* ViewController.m in Sources */,
				D7A2D1521DC196350057ADAF /* AppDelegate.m in Sources */,
				D7A2D14F1DC196350057ADAF /* main.m in Sources */,
			);
			runOnlyForDeploymentPostprocessing = 0;
		};
		D7B878A31DD34C5300BFDAFD /* Sources */ = {
			isa = PBXSourcesBuildPhase;
			buildActionMask = 2147483647;
			files = (
				D7B878AD1DD34C5300BFDAFD /* NotificationViewController.m in Sources */,
			);
			runOnlyForDeploymentPostprocessing = 0;
		};
/* End PBXSourcesBuildPhase section */

/* Begin PBXTargetDependency section */
		D7B878B31DD34C5300BFDAFD /* PBXTargetDependency */ = {
			isa = PBXTargetDependency;
			target = D7B878A61DD34C5300BFDAFD /* cusUI */;
			targetProxy = D7B878B21DD34C5300BFDAFD /* PBXContainerItemProxy */;
		};
/* End PBXTargetDependency section */

/* Begin PBXVariantGroup section */
		D7A2D1561DC196350057ADAF /* Main.storyboard */ = {
			isa = PBXVariantGroup;
			children = (
				D7A2D1571DC196350057ADAF /* Base */,
			);
			name = Main.storyboard;
			sourceTree = "<group>";
		};
		D7A2D15B1DC196350057ADAF /* LaunchScreen.storyboard */ = {
			isa = PBXVariantGroup;
			children = (
				D7A2D15C1DC196350057ADAF /* Base */,
			);
			name = LaunchScreen.storyboard;
			sourceTree = "<group>";
		};
		D7B878AE1DD34C5300BFDAFD /* MainInterface.storyboard */ = {
			isa = PBXVariantGroup;
			children = (
				D7B878AF1DD34C5300BFDAFD /* Base */,
			);
			name = MainInterface.storyboard;
			sourceTree = "<group>";
		};
/* End PBXVariantGroup section */

/* Begin XCBuildConfiguration section */
		D7A2D15F1DC196350057ADAF /* Debug */ = {
			isa = XCBuildConfiguration;
			buildSettings = {
				ALWAYS_SEARCH_USER_PATHS = NO;
				CLANG_ANALYZER_NONNULL = YES;
				CLANG_CXX_LANGUAGE_STANDARD = "gnu++0x";
				CLANG_CXX_LIBRARY = "libc++";
				CLANG_ENABLE_MODULES = YES;
				CLANG_ENABLE_OBJC_ARC = YES;
				CLANG_WARN_BOOL_CONVERSION = YES;
				CLANG_WARN_CONSTANT_CONVERSION = YES;
				CLANG_WARN_DIRECT_OBJC_ISA_USAGE = YES_ERROR;
				CLANG_WARN_DOCUMENTATION_COMMENTS = YES;
				CLANG_WARN_EMPTY_BODY = YES;
				CLANG_WARN_ENUM_CONVERSION = YES;
				CLANG_WARN_INFINITE_RECURSION = YES;
				CLANG_WARN_INT_CONVERSION = YES;
				CLANG_WARN_OBJC_ROOT_CLASS = YES_ERROR;
				CLANG_WARN_SUSPICIOUS_MOVES = YES;
				CLANG_WARN_UNREACHABLE_CODE = YES;
				CLANG_WARN__DUPLICATE_METHOD_MATCH = YES;
				"CODE_SIGN_IDENTITY[sdk=iphoneos*]" = "iPhone Developer";
				COPY_PHASE_STRIP = NO;
				DEBUG_INFORMATION_FORMAT = dwarf;
				ENABLE_STRICT_OBJC_MSGSEND = YES;
				ENABLE_TESTABILITY = YES;
				GCC_C_LANGUAGE_STANDARD = gnu99;
				GCC_DYNAMIC_NO_PIC = NO;
				GCC_NO_COMMON_BLOCKS = YES;
				GCC_OPTIMIZATION_LEVEL = 0;
				GCC_PREPROCESSOR_DEFINITIONS = (
					"DEBUG=1",
					"$(inherited)",
				);
				GCC_WARN_64_TO_32_BIT_CONVERSION = YES;
				GCC_WARN_ABOUT_RETURN_TYPE = YES_ERROR;
				GCC_WARN_UNDECLARED_SELECTOR = YES;
				GCC_WARN_UNINITIALIZED_AUTOS = YES_AGGRESSIVE;
				GCC_WARN_UNUSED_FUNCTION = YES;
				GCC_WARN_UNUSED_VARIABLE = YES;
				IPHONEOS_DEPLOYMENT_TARGET = 10.0;
				MTL_ENABLE_DEBUG_INFO = YES;
				ONLY_ACTIVE_ARCH = YES;
				SDKROOT = iphoneos;
			};
			name = Debug;
		};
		D7A2D1601DC196350057ADAF /* Release */ = {
			isa = XCBuildConfiguration;
			buildSettings = {
				ALWAYS_SEARCH_USER_PATHS = NO;
				CLANG_ANALYZER_NONNULL = YES;
				CLANG_CXX_LANGUAGE_STANDARD = "gnu++0x";
				CLANG_CXX_LIBRARY = "libc++";
				CLANG_ENABLE_MODULES = YES;
				CLANG_ENABLE_OBJC_ARC = YES;
				CLANG_WARN_BOOL_CONVERSION = YES;
				CLANG_WARN_CONSTANT_CONVERSION = YES;
				CLANG_WARN_DIRECT_OBJC_ISA_USAGE = YES_ERROR;
				CLANG_WARN_DOCUMENTATION_COMMENTS = YES;
				CLANG_WARN_EMPTY_BODY = YES;
				CLANG_WARN_ENUM_CONVERSION = YES;
				CLANG_WARN_INFINITE_RECURSION = YES;
				CLANG_WARN_INT_CONVERSION = YES;
				CLANG_WARN_OBJC_ROOT_CLASS = YES_ERROR;
				CLANG_WARN_SUSPICIOUS_MOVES = YES;
				CLANG_WARN_UNREACHABLE_CODE = YES;
				CLANG_WARN__DUPLICATE_METHOD_MATCH = YES;
				"CODE_SIGN_IDENTITY[sdk=iphoneos*]" = "iPhone Developer";
				COPY_PHASE_STRIP = NO;
				DEBUG_INFORMATION_FORMAT = "dwarf-with-dsym";
				ENABLE_NS_ASSERTIONS = NO;
				ENABLE_STRICT_OBJC_MSGSEND = YES;
				GCC_C_LANGUAGE_STANDARD = gnu99;
				GCC_NO_COMMON_BLOCKS = YES;
				GCC_WARN_64_TO_32_BIT_CONVERSION = YES;
				GCC_WARN_ABOUT_RETURN_TYPE = YES_ERROR;
				GCC_WARN_UNDECLARED_SELECTOR = YES;
				GCC_WARN_UNINITIALIZED_AUTOS = YES_AGGRESSIVE;
				GCC_WARN_UNUSED_FUNCTION = YES;
				GCC_WARN_UNUSED_VARIABLE = YES;
				IPHONEOS_DEPLOYMENT_TARGET = 10.0;
				MTL_ENABLE_DEBUG_INFO = NO;
				SDKROOT = iphoneos;
				VALIDATE_PRODUCT = YES;
			};
			name = Release;
		};
		D7A2D1621DC196350057ADAF /* Debug */ = {
			isa = XCBuildConfiguration;
			buildSettings = {
				ASSETCATALOG_COMPILER_APPICON_NAME = AppIcon;
				CODE_SIGN_IDENTITY = "iPhone Developer: Rui Yang (3KF2TKM9F5)";
				DEVELOPMENT_TEAM = J9ATUEUKE2;
				INFOPLIST_FILE = "ios10通知学习/Info.plist";
				LD_RUNPATH_SEARCH_PATHS = "$(inherited) @executable_path/Frameworks";
				PRODUCT_BUNDLE_IDENTIFIER = "com.hutuxianren.ios10----";
				PRODUCT_NAME = "$(TARGET_NAME)";
				PROVISIONING_PROFILE = "0727bcf1-f290-401a-9455-cc41f38717b7";
				PROVISIONING_PROFILE_SPECIFIER = iOS_Development;
			};
			name = Debug;
		};
		D7A2D1631DC196350057ADAF /* Release */ = {
			isa = XCBuildConfiguration;
			buildSettings = {
				ASSETCATALOG_COMPILER_APPICON_NAME = AppIcon;
				CODE_SIGN_IDENTITY = "iPhone Developer: Rui Yang (3KF2TKM9F5)";
				DEVELOPMENT_TEAM = J9ATUEUKE2;
				INFOPLIST_FILE = "ios10通知学习/Info.plist";
				LD_RUNPATH_SEARCH_PATHS = "$(inherited) @executable_path/Frameworks";
				PRODUCT_BUNDLE_IDENTIFIER = "com.hutuxianren.ios10----";
				PRODUCT_NAME = "$(TARGET_NAME)";
				PROVISIONING_PROFILE = "0727bcf1-f290-401a-9455-cc41f38717b7";
				PROVISIONING_PROFILE_SPECIFIER = iOS_Development;
			};
			name = Release;
		};
		D7B878B61DD34C5300BFDAFD /* Debug */ = {
			isa = XCBuildConfiguration;
			buildSettings = {
				CODE_SIGN_IDENTITY = "iPhone Developer: Rui Yang (3KF2TKM9F5)";
				DEVELOPMENT_TEAM = J9ATUEUKE2;
				INFOPLIST_FILE = cusUI/Info.plist;
				IPHONEOS_DEPLOYMENT_TARGET = 10.1;
				LD_RUNPATH_SEARCH_PATHS = "$(inherited) @executable_path/Frameworks @executable_path/../../Frameworks";
				PRODUCT_BUNDLE_IDENTIFIER = "com.hutuxianren.ios10----.cusUI";
				PRODUCT_NAME = "$(TARGET_NAME)";
				PROVISIONING_PROFILE = "0727bcf1-f290-401a-9455-cc41f38717b7";
				PROVISIONING_PROFILE_SPECIFIER = iOS_Development;
				SKIP_INSTALL = YES;
			};
			name = Debug;
		};
		D7B878B71DD34C5300BFDAFD /* Release */ = {
			isa = XCBuildConfiguration;
			buildSettings = {
				CODE_SIGN_IDENTITY = "iPhone Developer: Rui Yang (3KF2TKM9F5)";
				DEVELOPMENT_TEAM = J9ATUEUKE2;
				INFOPLIST_FILE = cusUI/Info.plist;
				IPHONEOS_DEPLOYMENT_TARGET = 10.1;
				LD_RUNPATH_SEARCH_PATHS = "$(inherited) @executable_path/Frameworks @executable_path/../../Frameworks";
				PRODUCT_BUNDLE_IDENTIFIER = "com.hutuxianren.ios10----.cusUI";
				PRODUCT_NAME = "$(TARGET_NAME)";
				PROVISIONING_PROFILE = "0727bcf1-f290-401a-9455-cc41f38717b7";
				PROVISIONING_PROFILE_SPECIFIER = iOS_Development;
				SKIP_INSTALL = YES;
			};
			name = Release;
		};
/* End XCBuildConfiguration section */

/* Begin XCConfigurationList section */
		D7A2D1451DC196340057ADAF /* Build configuration list for PBXProject "ios10通知学习" */ = {
			isa = XCConfigurationList;
			buildConfigurations = (
				D7A2D15F1DC196350057ADAF /* Debug */,
				D7A2D1601DC196350057ADAF /* Release */,
			);
			defaultConfigurationIsVisible = 0;
			defaultConfigurationName = Release;
		};
		D7A2D1611DC196350057ADAF /* Build configuration list for PBXNativeTarget "ios10通知学习" */ = {
			isa = XCConfigurationList;
			buildConfigurations = (
				D7A2D1621DC196350057ADAF /* Debug */,
				D7A2D1631DC196350057ADAF /* Release */,
			);
			defaultConfigurationIsVisible = 0;
			defaultConfigurationName = Release;
		};
		D7B878B51DD34C5300BFDAFD /* Build configuration list for PBXNativeTarget "cusUI" */ = {
			isa = XCConfigurationList;
			buildConfigurations = (
				D7B878B61DD34C5300BFDAFD /* Debug */,
				D7B878B71DD34C5300BFDAFD /* Release */,
			);
			defaultConfigurationIsVisible = 0;
		};
/* End XCConfigurationList section */
	};
	rootObject = D7A2D1421DC196340057ADAF /* Project object */;
}
